
Microsoft Visual Studio Solution File, Format Version 12.00
# Visual Studio Version 17
VisualStudioVersion = 17.0.31903.59
MinimumVisualStudioVersion = 10.0.40219.1
Project("{2150E333-8FDC-42A3-9474-1A3956D46DE8}") = "src", "src", "{777562F6-CE84-4A62-BE24-AEDD7CE0AFA9}"
EndProject
Project("{2150E333-8FDC-42A3-9474-1A3956D46DE8}") = "building-blocks", "building-blocks", "{E0E349F6-418D-4557-92C3-DE082AC8AF7A}"
EndProject
Project("{9A19103F-16F7-4668-BE54-9A1E7A4F7556}") = "BuildingBlocks.Abstractions", "src\building-blocks\BuildingBlocks.Abstractions\BuildingBlocks.Abstractions.csproj", "{19D5DEAE-6C61-43BE-A1C2-166DE8CB8CDF}"
EndProject
Project("{9A19103F-16F7-4668-BE54-9A1E7A4F7556}") = "BuildingBlocks.Core", "src\building-blocks\BuildingBlocks.Core\BuildingBlocks.Core.csproj", "{DA250D3F-61F9-4EF2-B657-5278FA376740}"
EndProject
Project("{9A19103F-16F7-4668-BE54-9A1E7A4F7556}") = "BuildingBlocks.Integration.MassTransit", "src\building-blocks\BuildingBlocks.Integration.MassTransit\BuildingBlocks.Integration.MassTransit.csproj", "{9C1D2D29-F3D3-4331-A4EF-6BAB8D7D686E}"
EndProject
Project("{2150E333-8FDC-42A3-9474-1A3956D46DE8}") = "services", "services", "{FA114AF7-1E57-4A48-9966-43DA66EA6916}"
EndProject
Project("{2150E333-8FDC-42A3-9474-1A3956D46DE8}") = "catalog-service", "catalog-service", "{1E32B811-BF00-42FF-B885-1497FB3CE9A4}"
EndProject
Project("{9A19103F-16F7-4668-BE54-9A1E7A4F7556}") = "Services.Catalog", "src\services\catalog-service\Services.Catalog\Services.Catalog.csproj", "{1B386042-0A67-4140-B14C-114057B878D9}"
EndProject
Project("{9A19103F-16F7-4668-BE54-9A1E7A4F7556}") = "Services.Catalog.API", "src\services\catalog-service\Services.Catalog.API\Services.Catalog.API.csproj", "{CB3E4BB8-69A4-4AD9-A5A0-56C656226A59}"
EndProject
Project("{FAE04EC0-301F-11D3-BF4B-00C04F79EFBC}") = "BuildingBlocks.Persistence.EfCore.Postgres", "src\building-blocks\BuildingBlocks.Persistence.EfCore.Postgres\BuildingBlocks.Persistence.EfCore.Postgres.csproj", "{EF97F3B7-37F0-4A9C-B3B1-FC1FC022499C}"
EndProject
Global
	GlobalSection(SolutionConfigurationPlatforms) = preSolution
		Debug|Any CPU = Debug|Any CPU
		Release|Any CPU = Release|Any CPU
	EndGlobalSection
	GlobalSection(ProjectConfigurationPlatforms) = postSolution
		{19D5DEAE-6C61-43BE-A1C2-166DE8CB8CDF}.Debug|Any CPU.ActiveCfg = Debug|Any CPU
		{19D5DEAE-6C61-43BE-A1C2-166DE8CB8CDF}.Debug|Any CPU.Build.0 = Debug|Any CPU
		{19D5DEAE-6C61-43BE-A1C2-166DE8CB8CDF}.Release|Any CPU.ActiveCfg = Release|Any CPU
		{19D5DEAE-6C61-43BE-A1C2-166DE8CB8CDF}.Release|Any CPU.Build.0 = Release|Any CPU
		{DA250D3F-61F9-4EF2-B657-5278FA376740}.Debug|Any CPU.ActiveCfg = Debug|Any CPU
		{DA250D3F-61F9-4EF2-B657-5278FA376740}.Debug|Any CPU.Build.0 = Debug|Any CPU
		{DA250D3F-61F9-4EF2-B657-5278FA376740}.Release|Any CPU.ActiveCfg = Release|Any CPU
		{DA250D3F-61F9-4EF2-B657-5278FA376740}.Release|Any CPU.Build.0 = Release|Any CPU
		{9C1D2D29-F3D3-4331-A4EF-6BAB8D7D686E}.Debug|Any CPU.ActiveCfg = Debug|Any CPU
		{9C1D2D29-F3D3-4331-A4EF-6BAB8D7D686E}.Debug|Any CPU.Build.0 = Debug|Any CPU
		{9C1D2D29-F3D3-4331-A4EF-6BAB8D7D686E}.Release|Any CPU.ActiveCfg = Release|Any CPU
		{9C1D2D29-F3D3-4331-A4EF-6BAB8D7D686E}.Release|Any CPU.Build.0 = Release|Any CPU
		{1B386042-0A67-4140-B14C-114057B878D9}.Debug|Any CPU.ActiveCfg = Debug|Any CPU
		{1B386042-0A67-4140-B14C-114057B878D9}.Debug|Any CPU.Build.0 = Debug|Any CPU
		{1B386042-0A67-4140-B14C-114057B878D9}.Release|Any CPU.ActiveCfg = Release|Any CPU
		{1B386042-0A67-4140-B14C-114057B878D9}.Release|Any CPU.Build.0 = Release|Any CPU
		{CB3E4BB8-69A4-4AD9-A5A0-56C656226A59}.Debug|Any CPU.ActiveCfg = Debug|Any CPU
		{CB3E4BB8-69A4-4AD9-A5A0-56C656226A59}.Debug|Any CPU.Build.0 = Debug|Any CPU
		{CB3E4BB8-69A4-4AD9-A5A0-56C656226A59}.Release|Any CPU.ActiveCfg = Release|Any CPU
		{CB3E4BB8-69A4-4AD9-A5A0-56C656226A59}.Release|Any CPU.Build.0 = Release|Any CPU
		{EF97F3B7-37F0-4A9C-B3B1-FC1FC022499C}.Debug|Any CPU.ActiveCfg = Debug|Any CPU
		{EF97F3B7-37F0-4A9C-B3B1-FC1FC022499C}.Debug|Any CPU.Build.0 = Debug|Any CPU
		{EF97F3B7-37F0-4A9C-B3B1-FC1FC022499C}.Release|Any CPU.ActiveCfg = Release|Any CPU
		{EF97F3B7-37F0-4A9C-B3B1-FC1FC022499C}.Release|Any CPU.Build.0 = Release|Any CPU
	EndGlobalSection
	GlobalSection(SolutionProperties) = preSolution
		HideSolutionNode = FALSE
	EndGlobalSection
	GlobalSection(NestedProjects) = preSolution
		{E0E349F6-418D-4557-92C3-DE082AC8AF7A} = {777562F6-CE84-4A62-BE24-AEDD7CE0AFA9}
		{19D5DEAE-6C61-43BE-A1C2-166DE8CB8CDF} = {E0E349F6-418D-4557-92C3-DE082AC8AF7A}
		{DA250D3F-61F9-4EF2-B657-5278FA376740} = {E0E349F6-418D-4557-92C3-DE082AC8AF7A}
		{9C1D2D29-F3D3-4331-A4EF-6BAB8D7D686E} = {E0E349F6-418D-4557-92C3-DE082AC8AF7A}
		{FA114AF7-1E57-4A48-9966-43DA66EA6916} = {777562F6-CE84-4A62-BE24-AEDD7CE0AFA9}
		{1E32B811-BF00-42FF-B885-1497FB3CE9A4} = {FA114AF7-1E57-4A48-9966-43DA66EA6916}
		{1B386042-0A67-4140-B14C-114057B878D9} = {1E32B811-BF00-42FF-B885-1497FB3CE9A4}
		{CB3E4BB8-69A4-4AD9-A5A0-56C656226A59} = {1E32B811-BF00-42FF-B885-1497FB3CE9A4}
		{EF97F3B7-37F0-4A9C-B3B1-FC1FC022499C} = {E0E349F6-418D-4557-92C3-DE082AC8AF7A}
	EndGlobalSection
EndGlobal
