
Microsoft Visual Studio Solution File, Format Version 12.00
# Visual Studio Version 17
VisualStudioVersion = 17.0.31903.59
MinimumVisualStudioVersion = 10.0.40219.1
Project("{2150E333-8FDC-42A3-9474-1A3956D46DE8}") = "src", "src", "{777562F6-CE84-4A62-BE24-AEDD7CE0AFA9}"
EndProject
Project("{2150E333-8FDC-42A3-9474-1A3956D46DE8}") = "building-blocks", "building-blocks", "{E0E349F6-418D-4557-92C3-DE082AC8AF7A}"
EndProject
Project("{FAE04EC0-301F-11D3-BF4B-00C04F79EFBC}") = "BuildingBlocks.Abstractions", "src\building-blocks\BuildingBlocks.Abstractions\BuildingBlocks.Abstractions.csproj", "{19D5DEAE-6C61-43BE-A1C2-166DE8CB8CDF}"
EndProject
Project("{FAE04EC0-301F-11D3-BF4B-00C04F79EFBC}") = "BuildingBlocks.Core", "src\building-blocks\BuildingBlocks.Core\BuildingBlocks.Core.csproj", "{DA250D3F-61F9-4EF2-B657-5278FA376740}"
EndProject
Project("{FAE04EC0-301F-11D3-BF4B-00C04F79EFBC}") = "BuildingBlocks.Integration.MassTransit", "src\building-blocks\BuildingBlocks.Integration.MassTransit\BuildingBlocks.Integration.MassTransit.csproj", "{9C1D2D29-F3D3-4331-A4EF-6BAB8D7D686E}"
EndProject
Global
	GlobalSection(SolutionConfigurationPlatforms) = preSolution
		Debug|Any CPU = Debug|Any CPU
		Release|Any CPU = Release|Any CPU
	EndGlobalSection
	GlobalSection(ProjectConfigurationPlatforms) = postSolution
		{8CDD5B8D-AB12-4315-A655-FD25DD2BAE2F}.Debug|Any CPU.ActiveCfg = Debug|Any CPU
		{8CDD5B8D-AB12-4315-A655-FD25DD2BAE2F}.Debug|Any CPU.Build.0 = Debug|Any CPU
		{8CDD5B8D-AB12-4315-A655-FD25DD2BAE2F}.Release|Any CPU.ActiveCfg = Release|Any CPU
		{8CDD5B8D-AB12-4315-A655-FD25DD2BAE2F}.Release|Any CPU.Build.0 = Release|Any CPU
		{332D55AB-D201-4AEC-A87A-1EB4C5351E2C}.Debug|Any CPU.ActiveCfg = Debug|Any CPU
		{332D55AB-D201-4AEC-A87A-1EB4C5351E2C}.Debug|Any CPU.Build.0 = Debug|Any CPU
		{332D55AB-D201-4AEC-A87A-1EB4C5351E2C}.Release|Any CPU.ActiveCfg = Release|Any CPU
		{332D55AB-D201-4AEC-A87A-1EB4C5351E2C}.Release|Any CPU.Build.0 = Release|Any CPU
		{4624CF91-07D2-476D-BEEF-0480AFD48153}.Debug|Any CPU.ActiveCfg = Debug|Any CPU
		{4624CF91-07D2-476D-BEEF-0480AFD48153}.Debug|Any CPU.Build.0 = Debug|Any CPU
		{4624CF91-07D2-476D-BEEF-0480AFD48153}.Release|Any CPU.ActiveCfg = Release|Any CPU
		{4624CF91-07D2-476D-BEEF-0480AFD48153}.Release|Any CPU.Build.0 = Release|Any CPU
		{19D5DEAE-6C61-43BE-A1C2-166DE8CB8CDF}.Debug|Any CPU.ActiveCfg = Debug|Any CPU
		{19D5DEAE-6C61-43BE-A1C2-166DE8CB8CDF}.Debug|Any CPU.Build.0 = Debug|Any CPU
		{19D5DEAE-6C61-43BE-A1C2-166DE8CB8CDF}.Release|Any CPU.ActiveCfg = Release|Any CPU
		{19D5DEAE-6C61-43BE-A1C2-166DE8CB8CDF}.Release|Any CPU.Build.0 = Release|Any CPU
		{DA250D3F-61F9-4EF2-B657-5278FA376740}.Debug|Any CPU.ActiveCfg = Debug|Any CPU
		{DA250D3F-61F9-4EF2-B657-5278FA376740}.Debug|Any CPU.Build.0 = Debug|Any CPU
		{DA250D3F-61F9-4EF2-B657-5278FA376740}.Release|Any CPU.ActiveCfg = Release|Any CPU
		{DA250D3F-61F9-4EF2-B657-5278FA376740}.Release|Any CPU.Build.0 = Release|Any CPU
		{9C1D2D29-F3D3-4331-A4EF-6BAB8D7D686E}.Debug|Any CPU.ActiveCfg = Debug|Any CPU
		{9C1D2D29-F3D3-4331-A4EF-6BAB8D7D686E}.Debug|Any CPU.Build.0 = Debug|Any CPU
		{9C1D2D29-F3D3-4331-A4EF-6BAB8D7D686E}.Release|Any CPU.ActiveCfg = Release|Any CPU
		{9C1D2D29-F3D3-4331-A4EF-6BAB8D7D686E}.Release|Any CPU.Build.0 = Release|Any CPU
	EndGlobalSection
	GlobalSection(SolutionProperties) = preSolution
		HideSolutionNode = FALSE
	EndGlobalSection
	GlobalSection(NestedProjects) = preSolution
		{66127541-BA34-4010-BBCA-A0A0B468ECDF} = {777562F6-CE84-4A62-BE24-AEDD7CE0AFA9}
		{8CDD5B8D-AB12-4315-A655-FD25DD2BAE2F} = {66127541-BA34-4010-BBCA-A0A0B468ECDF}
		{332D55AB-D201-4AEC-A87A-1EB4C5351E2C} = {66127541-BA34-4010-BBCA-A0A0B468ECDF}
		{4624CF91-07D2-476D-BEEF-0480AFD48153} = {66127541-BA34-4010-BBCA-A0A0B468ECDF}
		{E0E349F6-418D-4557-92C3-DE082AC8AF7A} = {777562F6-CE84-4A62-BE24-AEDD7CE0AFA9}
		{19D5DEAE-6C61-43BE-A1C2-166DE8CB8CDF} = {E0E349F6-418D-4557-92C3-DE082AC8AF7A}
		{DA250D3F-61F9-4EF2-B657-5278FA376740} = {E0E349F6-418D-4557-92C3-DE082AC8AF7A}
		{9C1D2D29-F3D3-4331-A4EF-6BAB8D7D686E} = {E0E349F6-418D-4557-92C3-DE082AC8AF7A}
	EndGlobalSection
EndGlobal
